
Microsoft Visual Studio Solution File, Format Version 12.00
# Visual Studio Version 16
VisualStudioVersion = 25.0.1704.1
MinimumVisualStudioVersion = 10.0.40219.1
Project("{FAE04EC0-301F-11D3-BF4B-00C04F79EFBC}") = "lb3_5var", "lb3_5var\lb3_5var.csproj", "{FF73A1FA-61AF-4D39-8608-A3E71BA6A79F}"
EndProject
Global
	GlobalSection(SolutionConfigurationPlatforms) = preSolution
		Debug|Any CPU = Debug|Any CPU
		Release|Any CPU = Release|Any CPU
	EndGlobalSection
	GlobalSection(ProjectConfigurationPlatforms) = postSolution
		{FF73A1FA-61AF-4D39-8608-A3E71BA6A79F}.Debug|Any CPU.ActiveCfg = Debug|Any CPU
		{FF73A1FA-61AF-4D39-8608-A3E71BA6A79F}.Debug|Any CPU.Build.0 = Debug|Any CPU
		{FF73A1FA-61AF-4D39-8608-A3E71BA6A79F}.Release|Any CPU.ActiveCfg = Release|Any CPU
		{FF73A1FA-61AF-4D39-8608-A3E71BA6A79F}.Release|Any CPU.Build.0 = Release|Any CPU
	EndGlobalSection
	GlobalSection(SolutionProperties) = preSolution
		HideSolutionNode = FALSE
	EndGlobalSection
	GlobalSection(ExtensibilityGlobals) = postSolution
		SolutionGuid = {DEEC6872-F580-4E25-8EA6-73C4A339D5CB}
	EndGlobalSection
EndGlobal
